
Microsoft Visual Studio Solution File, Format Version 12.00
# Visual Studio Version 16
VisualStudioVersion = 16.0.31005.135
MinimumVisualStudioVersion = 10.0.40219.1
Project("{FAE04EC0-301F-11D3-BF4B-00C04F79EFBC}") = "ConsoleApp3", "ConsoleApp3\ConsoleApp3.csproj", "{C4A4A9F2-2D6F-4A5D-BBEB-4ABE33F6ADBE}"
EndProject
Global
	GlobalSection(SolutionConfigurationPlatforms) = preSolution
		Debug|Any CPU = Debug|Any CPU
		Release|Any CPU = Release|Any CPU
	EndGlobalSection
	GlobalSection(ProjectConfigurationPlatforms) = postSolution
		{C4A4A9F2-2D6F-4A5D-BBEB-4ABE33F6ADBE}.Debug|Any CPU.ActiveCfg = Debug|Any CPU
		{C4A4A9F2-2D6F-4A5D-BBEB-4ABE33F6ADBE}.Debug|Any CPU.Build.0 = Debug|Any CPU
		{C4A4A9F2-2D6F-4A5D-BBEB-4ABE33F6ADBE}.Release|Any CPU.ActiveCfg = Release|Any CPU
		{C4A4A9F2-2D6F-4A5D-BBEB-4ABE33F6ADBE}.Release|Any CPU.Build.0 = Release|Any CPU
	EndGlobalSection
	GlobalSection(SolutionProperties) = preSolution
		HideSolutionNode = FALSE
	EndGlobalSection
	GlobalSection(ExtensibilityGlobals) = postSolution
		SolutionGuid = {7227A6B8-76ED-40EE-828F-D7E6FBC6CAA1}
	EndGlobalSection
EndGlobal
